
Microsoft Visual Studio Solution File, Format Version 12.00
# Visual Studio Version 16
VisualStudioVersion = 16.0.31205.134
MinimumVisualStudioVersion = 10.0.40219.1
Project("{FAE04EC0-301F-11D3-BF4B-00C04F79EFBC}") = "Dashboard", "Dashboard\Dashboard.csproj", "{A070C24B-C90A-4AEF-B22D-2AC44FB68014}"
EndProject
Global
	GlobalSection(SolutionConfigurationPlatforms) = preSolution
		Debug|Any CPU = Debug|Any CPU
		Release|Any CPU = Release|Any CPU
	EndGlobalSection
	GlobalSection(ProjectConfigurationPlatforms) = postSolution
		{A070C24B-C90A-4AEF-B22D-2AC44FB68014}.Debug|Any CPU.ActiveCfg = Debug|Any CPU
		{A070C24B-C90A-4AEF-B22D-2AC44FB68014}.Debug|Any CPU.Build.0 = Debug|Any CPU
		{A070C24B-C90A-4AEF-B22D-2AC44FB68014}.Release|Any CPU.ActiveCfg = Release|Any CPU
		{A070C24B-C90A-4AEF-B22D-2AC44FB68014}.Release|Any CPU.Build.0 = Release|Any CPU
	EndGlobalSection
	GlobalSection(SolutionProperties) = preSolution
		HideSolutionNode = FALSE
	EndGlobalSection
	GlobalSection(ExtensibilityGlobals) = postSolution
		SolutionGuid = {AE45EFCD-85A6-45E5-97FF-42A18437C7A1}
	EndGlobalSection
EndGlobal
